
Microsoft Visual Studio Solution File, Format Version 12.00
# Visual Studio Version 17
VisualStudioVersion = 17.14.36414.22 d17.14
MinimumVisualStudioVersion = 10.0.40219.1
Project("{FAE04EC0-301F-11D3-BF4B-00C04F79EFBC}") = "uppgift5.3 array", "uppgift5.3 array\uppgift5.3 array.csproj", "{6890D252-7313-465C-AD0A-58AC63ABAB60}"
EndProject
Global
	GlobalSection(SolutionConfigurationPlatforms) = preSolution
		Debug|Any CPU = Debug|Any CPU
		Release|Any CPU = Release|Any CPU
	EndGlobalSection
	GlobalSection(ProjectConfigurationPlatforms) = postSolution
		{6890D252-7313-465C-AD0A-58AC63ABAB60}.Debug|Any CPU.ActiveCfg = Debug|Any CPU
		{6890D252-7313-465C-AD0A-58AC63ABAB60}.Debug|Any CPU.Build.0 = Debug|Any CPU
		{6890D252-7313-465C-AD0A-58AC63ABAB60}.Release|Any CPU.ActiveCfg = Release|Any CPU
		{6890D252-7313-465C-AD0A-58AC63ABAB60}.Release|Any CPU.Build.0 = Release|Any CPU
	EndGlobalSection
	GlobalSection(SolutionProperties) = preSolution
		HideSolutionNode = FALSE
	EndGlobalSection
	GlobalSection(ExtensibilityGlobals) = postSolution
		SolutionGuid = {465D7E67-556F-442E-BFC7-6A8FCC8484F0}
	EndGlobalSection
EndGlobal
